
Microsoft Visual Studio Solution File, Format Version 12.00
# Visual Studio 2013
VisualStudioVersion = 12.0.31101.0
MinimumVisualStudioVersion = 10.0.40219.1
Project("{FAE04EC0-301F-11D3-BF4B-00C04F79EFBC}") = "Example.ConsoleApp", "Example.ConsoleApp\Example.ConsoleApp.csproj", "{66C7DDD1-95EC-4E6A-8739-A9D07DB6CCE7}"
EndProject
Project("{FAE04EC0-301F-11D3-BF4B-00C04F79EFBC}") = "Example.Web", "Example.Web\Example.Web.csproj", "{6A1664CC-EDE3-4149-8464-6D7E0B1D43DA}"
EndProject
Project("{FAE04EC0-301F-11D3-BF4B-00C04F79EFBC}") = "Example.Domain", "Example.Domain\Example.Domain.csproj", "{3101DA37-806D-4F5F-A83B-8752D0DE11AD}"
EndProject
Project("{FAE04EC0-301F-11D3-BF4B-00C04F79EFBC}") = "Example.Infrastructure", "Example.Infrastructure\Example.Infrastructure.csproj", "{4017EE09-95E3-4B41-B595-D296A4937BA3}"
EndProject
Project("{FAE04EC0-301F-11D3-BF4B-00C04F79EFBC}") = "Example.Repository", "Example.Repository\Example.Repository.csproj", "{F2B5829F-7458-40FF-B8A6-B2C78EC03D31}"
EndProject
Project("{2150E333-8FDC-42A3-9474-1A3956D46DE8}") = ".nuget", ".nuget", "{452CC887-67E3-484F-93F3-8995BAEEA823}"
	ProjectSection(SolutionItems) = preProject
		.nuget\NuGet.Config = .nuget\NuGet.Config
		.nuget\NuGet.exe = .nuget\NuGet.exe
		.nuget\NuGet.targets = .nuget\NuGet.targets
	EndProjectSection
EndProject
Global
	GlobalSection(SubversionScc) = preSolution
		Svn-Managed = True
		Manager = AnkhSVN - Subversion Support for Visual Studio
	EndGlobalSection
	GlobalSection(SolutionConfigurationPlatforms) = preSolution
		Debug|Any CPU = Debug|Any CPU
		Debug|Mixed Platforms = Debug|Mixed Platforms
		Debug|Win32 = Debug|Win32
		Release|Any CPU = Release|Any CPU
		Release|Mixed Platforms = Release|Mixed Platforms
		Release|Win32 = Release|Win32
	EndGlobalSection
	GlobalSection(ProjectConfigurationPlatforms) = postSolution
		{66C7DDD1-95EC-4E6A-8739-A9D07DB6CCE7}.Debug|Any CPU.ActiveCfg = Debug|Any CPU
		{66C7DDD1-95EC-4E6A-8739-A9D07DB6CCE7}.Debug|Any CPU.Build.0 = Debug|Any CPU
		{66C7DDD1-95EC-4E6A-8739-A9D07DB6CCE7}.Debug|Mixed Platforms.ActiveCfg = Debug|Any CPU
		{66C7DDD1-95EC-4E6A-8739-A9D07DB6CCE7}.Debug|Mixed Platforms.Build.0 = Debug|Any CPU
		{66C7DDD1-95EC-4E6A-8739-A9D07DB6CCE7}.Debug|Win32.ActiveCfg = Debug|Any CPU
		{66C7DDD1-95EC-4E6A-8739-A9D07DB6CCE7}.Release|Any CPU.ActiveCfg = Release|Any CPU
		{66C7DDD1-95EC-4E6A-8739-A9D07DB6CCE7}.Release|Any CPU.Build.0 = Release|Any CPU
		{66C7DDD1-95EC-4E6A-8739-A9D07DB6CCE7}.Release|Mixed Platforms.ActiveCfg = Release|Any CPU
		{66C7DDD1-95EC-4E6A-8739-A9D07DB6CCE7}.Release|Mixed Platforms.Build.0 = Release|Any CPU
		{66C7DDD1-95EC-4E6A-8739-A9D07DB6CCE7}.Release|Win32.ActiveCfg = Release|Any CPU
		{6A1664CC-EDE3-4149-8464-6D7E0B1D43DA}.Debug|Any CPU.ActiveCfg = Debug|Any CPU
		{6A1664CC-EDE3-4149-8464-6D7E0B1D43DA}.Debug|Any CPU.Build.0 = Debug|Any CPU
		{6A1664CC-EDE3-4149-8464-6D7E0B1D43DA}.Debug|Mixed Platforms.ActiveCfg = Debug|Any CPU
		{6A1664CC-EDE3-4149-8464-6D7E0B1D43DA}.Debug|Mixed Platforms.Build.0 = Debug|Any CPU
		{6A1664CC-EDE3-4149-8464-6D7E0B1D43DA}.Debug|Win32.ActiveCfg = Debug|Any CPU
		{6A1664CC-EDE3-4149-8464-6D7E0B1D43DA}.Release|Any CPU.ActiveCfg = Release|Any CPU
		{6A1664CC-EDE3-4149-8464-6D7E0B1D43DA}.Release|Any CPU.Build.0 = Release|Any CPU
		{6A1664CC-EDE3-4149-8464-6D7E0B1D43DA}.Release|Mixed Platforms.ActiveCfg = Release|Any CPU
		{6A1664CC-EDE3-4149-8464-6D7E0B1D43DA}.Release|Mixed Platforms.Build.0 = Release|Any CPU
		{6A1664CC-EDE3-4149-8464-6D7E0B1D43DA}.Release|Win32.ActiveCfg = Release|Any CPU
		{3101DA37-806D-4F5F-A83B-8752D0DE11AD}.Debug|Any CPU.ActiveCfg = Debug|Any CPU
		{3101DA37-806D-4F5F-A83B-8752D0DE11AD}.Debug|Any CPU.Build.0 = Debug|Any CPU
		{3101DA37-806D-4F5F-A83B-8752D0DE11AD}.Debug|Mixed Platforms.ActiveCfg = Debug|Any CPU
		{3101DA37-806D-4F5F-A83B-8752D0DE11AD}.Debug|Mixed Platforms.Build.0 = Debug|Any CPU
		{3101DA37-806D-4F5F-A83B-8752D0DE11AD}.Debug|Win32.ActiveCfg = Debug|Any CPU
		{3101DA37-806D-4F5F-A83B-8752D0DE11AD}.Release|Any CPU.ActiveCfg = Release|Any CPU
		{3101DA37-806D-4F5F-A83B-8752D0DE11AD}.Release|Any CPU.Build.0 = Release|Any CPU
		{3101DA37-806D-4F5F-A83B-8752D0DE11AD}.Release|Mixed Platforms.ActiveCfg = Release|Any CPU
		{3101DA37-806D-4F5F-A83B-8752D0DE11AD}.Release|Mixed Platforms.Build.0 = Release|Any CPU
		{3101DA37-806D-4F5F-A83B-8752D0DE11AD}.Release|Win32.ActiveCfg = Release|Any CPU
		{4017EE09-95E3-4B41-B595-D296A4937BA3}.Debug|Any CPU.ActiveCfg = Debug|Any CPU
		{4017EE09-95E3-4B41-B595-D296A4937BA3}.Debug|Any CPU.Build.0 = Debug|Any CPU
		{4017EE09-95E3-4B41-B595-D296A4937BA3}.Debug|Mixed Platforms.ActiveCfg = Debug|Any CPU
		{4017EE09-95E3-4B41-B595-D296A4937BA3}.Debug|Mixed Platforms.Build.0 = Debug|Any CPU
		{4017EE09-95E3-4B41-B595-D296A4937BA3}.Debug|Win32.ActiveCfg = Debug|Any CPU
		{4017EE09-95E3-4B41-B595-D296A4937BA3}.Release|Any CPU.ActiveCfg = Release|Any CPU
		{4017EE09-95E3-4B41-B595-D296A4937BA3}.Release|Any CPU.Build.0 = Release|Any CPU
		{4017EE09-95E3-4B41-B595-D296A4937BA3}.Release|Mixed Platforms.ActiveCfg = Release|Any CPU
		{4017EE09-95E3-4B41-B595-D296A4937BA3}.Release|Mixed Platforms.Build.0 = Release|Any CPU
		{4017EE09-95E3-4B41-B595-D296A4937BA3}.Release|Win32.ActiveCfg = Release|Any CPU
		{F2B5829F-7458-40FF-B8A6-B2C78EC03D31}.Debug|Any CPU.ActiveCfg = Debug|Any CPU
		{F2B5829F-7458-40FF-B8A6-B2C78EC03D31}.Debug|Any CPU.Build.0 = Debug|Any CPU
		{F2B5829F-7458-40FF-B8A6-B2C78EC03D31}.Debug|Mixed Platforms.ActiveCfg = Debug|Any CPU
		{F2B5829F-7458-40FF-B8A6-B2C78EC03D31}.Debug|Mixed Platforms.Build.0 = Debug|Any CPU
		{F2B5829F-7458-40FF-B8A6-B2C78EC03D31}.Debug|Win32.ActiveCfg = Debug|Any CPU
		{F2B5829F-7458-40FF-B8A6-B2C78EC03D31}.Release|Any CPU.ActiveCfg = Release|Any CPU
		{F2B5829F-7458-40FF-B8A6-B2C78EC03D31}.Release|Any CPU.Build.0 = Release|Any CPU
		{F2B5829F-7458-40FF-B8A6-B2C78EC03D31}.Release|Mixed Platforms.ActiveCfg = Release|Any CPU
		{F2B5829F-7458-40FF-B8A6-B2C78EC03D31}.Release|Mixed Platforms.Build.0 = Release|Any CPU
		{F2B5829F-7458-40FF-B8A6-B2C78EC03D31}.Release|Win32.ActiveCfg = Release|Any CPU
	EndGlobalSection
	GlobalSection(SolutionProperties) = preSolution
		HideSolutionNode = FALSE
	EndGlobalSection
EndGlobal
